// !$*UTF8*$!
{
	archiveVersion = 1;
	classes = {
	};
	objectVersion = 77;
	objects = {

/* Begin PBXContainerItemProxy section */
		9D03E22C2E3EA58D007B955A /* PBXContainerItemProxy */ = {
			isa = PBXContainerItemProxy;
			containerPortal = 9D03E2132E3EA58B007B955A /* Project object */;
			proxyType = 1;
			remoteGlobalIDString = 9D03E21A2E3EA58B007B955A;
			remoteInfo = TTSNewsReader;
		};
		9D03E2362E3EA58D007B955A /* PBXContainerItemProxy */ = {
			isa = PBXContainerItemProxy;
			containerPortal = 9D03E2132E3EA58B007B955A /* Project object */;
			proxyType = 1;
			remoteGlobalIDString = 9D03E21A2E3EA58B007B955A;
			remoteInfo = TTSNewsReader;
		};
/* End PBXContainerItemProxy section */

/* Begin PBXFileReference section */
		9D03E21B2E3EA58B007B955A /* TTSNewsReader.app */ = {isa = PBXFileReference; explicitFileType = wrapper.application; includeInIndex = 0; path = TTSNewsReader.app; sourceTree = BUILT_PRODUCTS_DIR; };
		9D03E22B2E3EA58D007B955A /* TTSNewsReaderTests.xctest */ = {isa = PBXFileReference; explicitFileType = wrapper.cfbundle; includeInIndex = 0; path = TTSNewsReaderTests.xctest; sourceTree = BUILT_PRODUCTS_DIR; };
		9D03E2352E3EA58D007B955A /* TTSNewsReaderUITests.xctest */ = {isa = PBXFileReference; explicitFileType = wrapper.cfbundle; includeInIndex = 0; path = TTSNewsReaderUITests.xctest; sourceTree = BUILT_PRODUCTS_DIR; };
/* End PBXFileReference section */

/* Begin PBXFileSystemSynchronizedRootGroup section */
		9D03E21D2E3EA58B007B955A /* TTSNewsReader */ = {
			isa = PBXFileSystemSynchronizedRootGroup;
			path = TTSNewsReader;
			sourceTree = "<group>";
		};
		9D03E22E2E3EA58D007B955A /* TTSNewsReaderTests */ = {
			isa = PBXFileSystemSynchronizedRootGroup;
			path = TTSNewsReaderTests;
			sourceTree = "<group>";
		};
		9D03E2382E3EA58D007B955A /* TTSNewsReaderUITests */ = {
			isa = PBXFileSystemSynchronizedRootGroup;
			path = TTSNewsReaderUITests;
			sourceTree = "<group>";
		};
/* End PBXFileSystemSynchronizedRootGroup section */

/* Begin PBXFrameworksBuildPhase section */
		9D03E2182E3EA58B007B955A /* Frameworks */ = {
			isa = PBXFrameworksBuildPhase;
			buildActionMask = 2147483647;
			files = (
			);
			runOnlyForDeploymentPostprocessing = 0;
		};
		9D03E2282E3EA58D007B955A /* Frameworks */ = {
			isa = PBXFrameworksBuildPhase;
			buildActionMask = 2147483647;
			files = (
			);
			runOnlyForDeploymentPostprocessing = 0;
		};
		9D03E2322E3EA58D007B955A /* Frameworks */ = {
			isa = PBXFrameworksBuildPhase;
			buildActionMask = 2147483647;
			files = (
			);
			runOnlyForDeploymentPostprocessing = 0;
		};
/* End PBXFrameworksBuildPhase section */

/* Begin PBXGroup section */
		9D03E2122E3EA58B007B955A = {
			isa = PBXGroup;
			children = (
				9D03E21D2E3EA58B007B955A /* TTSNewsReader */,
				9D03E22E2E3EA58D007B955A /* TTSNewsReaderTests */,
				9D03E2382E3EA58D007B955A /* TTSNewsReaderUITests */,
				9D03E21C2E3EA58B007B955A /* Products */,
			);
			sourceTree = "<group>";
		};
		9D03E21C2E3EA58B007B955A /* Products */ = {
			isa = PBXGroup;
			children = (
				9D03E21B2E3EA58B007B955A /* TTSNewsReader.app */,
				9D03E22B2E3EA58D007B955A /* TTSNewsReaderTests.xctest */,
				9D03E2352E3EA58D007B955A /* TTSNewsReaderUITests.xctest */,
			);
			name = Products;
			sourceTree = "<group>";
		};
/* End PBXGroup section */

/* Begin PBXNativeTarget section */
		9D03E21A2E3EA58B007B955A /* TTSNewsReader */ = {
			isa = PBXNativeTarget;
			buildConfigurationList = 9D03E23F2E3EA58D007B955A /* Build configuration list for PBXNativeTarget "TTSNewsReader" */;
			buildPhases = (
				9D03E2172E3EA58B007B955A /* Sources */,
				9D03E2182E3EA58B007B955A /* Frameworks */,
				9D03E2192E3EA58B007B955A /* Resources */,
			);
			buildRules = (
			);
			dependencies = (
			);
			fileSystemSynchronizedGroups = (
				9D03E21D2E3EA58B007B955A /* TTSNewsReader */,
			);
			name = TTSNewsReader;
			packageProductDependencies = (
			);
			productName = TTSNewsReader;
			productReference = 9D03E21B2E3EA58B007B955A /* TTSNewsReader.app */;
			productType = "com.apple.product-type.application";
		};
		9D03E22A2E3EA58D007B955A /* TTSNewsReaderTests */ = {
			isa = PBXNativeTarget;
			buildConfigurationList = 9D03E2422E3EA58D007B955A /* Build configuration list for PBXNativeTarget "TTSNewsReaderTests" */;
			buildPhases = (
				9D03E2272E3EA58D007B955A /* Sources */,
				9D03E2282E3EA58D007B955A /* Frameworks */,
				9D03E2292E3EA58D007B955A /* Resources */,
			);
			buildRules = (
			);
			dependencies = (
				9D03E22D2E3EA58D007B955A /* PBXTargetDependency */,
			);
			fileSystemSynchronizedGroups = (
				9D03E22E2E3EA58D007B955A /* TTSNewsReaderTests */,
			);
			name = TTSNewsReaderTests;
			packageProductDependencies = (
			);
			productName = TTSNewsReaderTests;
			productReference = 9D03E22B2E3EA58D007B955A /* TTSNewsReaderTests.xctest */;
			productType = "com.apple.product-type.bundle.unit-test";
		};
		9D03E2342E3EA58D007B955A /* TTSNewsReaderUITests */ = {
			isa = PBXNativeTarget;
			buildConfigurationList = 9D03E2452E3EA58D007B955A /* Build configuration list for PBXNativeTarget "TTSNewsReaderUITests" */;
			buildPhases = (
				9D03E2312E3EA58D007B955A /* Sources */,
				9D03E2322E3EA58D007B955A /* Frameworks */,
				9D03E2332E3EA58D007B955A /* Resources */,
			);
			buildRules = (
			);
			dependencies = (
				9D03E2372E3EA58D007B955A /* PBXTargetDependency */,
			);
			fileSystemSynchronizedGroups = (
				9D03E2382E3EA58D007B955A /* TTSNewsReaderUITests */,
			);
			name = TTSNewsReaderUITests;
			packageProductDependencies = (
			);
			productName = TTSNewsReaderUITests;
			productReference = 9D03E2352E3EA58D007B955A /* TTSNewsReaderUITests.xctest */;
			productType = "com.apple.product-type.bundle.ui-testing";
		};
/* End PBXNativeTarget section */

/* Begin PBXProject section */
		9D03E2132E3EA58B007B955A /* Project object */ = {
			isa = PBXProject;
			attributes = {
				BuildIndependentTargetsInParallel = 1;
				LastSwiftUpdateCheck = 1620;
				LastUpgradeCheck = 1620;
				TargetAttributes = {
					9D03E21A2E3EA58B007B955A = {
						CreatedOnToolsVersion = 16.2;
					};
					9D03E22A2E3EA58D007B955A = {
						CreatedOnToolsVersion = 16.2;
						TestTargetID = 9D03E21A2E3EA58B007B955A;
					};
					9D03E2342E3EA58D007B955A = {
						CreatedOnToolsVersion = 16.2;
						TestTargetID = 9D03E21A2E3EA58B007B955A;
					};
				};
			};
			buildConfigurationList = 9D03E2162E3EA58B007B955A /* Build configuration list for PBXProject "TTSNewsReader" */;
			developmentRegion = en;
			hasScannedForEncodings = 0;
			knownRegions = (
				en,
				Base,
			);
			mainGroup = 9D03E2122E3EA58B007B955A;
			minimizedProjectReferenceProxies = 1;
			preferredProjectObjectVersion = 77;
			productRefGroup = 9D03E21C2E3EA58B007B955A /* Products */;
			projectDirPath = "";
			projectRoot = "";
			targets = (
				9D03E21A2E3EA58B007B955A /* TTSNewsReader */,
				9D03E22A2E3EA58D007B955A /* TTSNewsReaderTests */,
				9D03E2342E3EA58D007B955A /* TTSNewsReaderUITests */,
			);
		};
/* End PBXProject section */

/* Begin PBXResourcesBuildPhase section */
		9D03E2192E3EA58B007B955A /* Resources */ = {
			isa = PBXResourcesBuildPhase;
			buildActionMask = 2147483647;
			files = (
			);
			runOnlyForDeploymentPostprocessing = 0;
		};
		9D03E2292E3EA58D007B955A /* Resources */ = {
			isa = PBXResourcesBuildPhase;
			buildActionMask = 2147483647;
			files = (
			);
			runOnlyForDeploymentPostprocessing = 0;
		};
		9D03E2332E3EA58D007B955A /* Resources */ = {
			isa = PBXResourcesBuildPhase;
			buildActionMask = 2147483647;
			files = (
			);
			runOnlyForDeploymentPostprocessing = 0;
		};
/* End PBXResourcesBuildPhase section */

/* Begin PBXSourcesBuildPhase section */
		9D03E2172E3EA58B007B955A /* Sources */ = {
			isa = PBXSourcesBuildPhase;
			buildActionMask = 2147483647;
			files = (
			);
			runOnlyForDeploymentPostprocessing = 0;
		};
		9D03E2272E3EA58D007B955A /* Sources */ = {
			isa = PBXSourcesBuildPhase;
			buildActionMask = 2147483647;
			files = (
			);
			runOnlyForDeploymentPostprocessing = 0;
		};
		9D03E2312E3EA58D007B955A /* Sources */ = {
			isa = PBXSourcesBuildPhase;
			buildActionMask = 2147483647;
			files = (
			);
			runOnlyForDeploymentPostprocessing = 0;
		};
/* End PBXSourcesBuildPhase section */

/* Begin PBXTargetDependency section */
		9D03E22D2E3EA58D007B955A /* PBXTargetDependency */ = {
			isa = PBXTargetDependency;
			target = 9D03E21A2E3EA58B007B955A /* TTSNewsReader */;
			targetProxy = 9D03E22C2E3EA58D007B955A /* PBXContainerItemProxy */;
		};
		9D03E2372E3EA58D007B955A /* PBXTargetDependency */ = {
			isa = PBXTargetDependency;
			target = 9D03E21A2E3EA58B007B955A /* TTSNewsReader */;
			targetProxy = 9D03E2362E3EA58D007B955A /* PBXContainerItemProxy */;
		};
/* End PBXTargetDependency section */

/* Begin XCBuildConfiguration section */
		9D03E23D2E3EA58D007B955A /* Debug */ = {
			isa = XCBuildConfiguration;
			buildSettings = {
				ALWAYS_SEARCH_USER_PATHS = NO;
				ASSETCATALOG_COMPILER_GENERATE_SWIFT_ASSET_SYMBOL_EXTENSIONS = YES;
				CLANG_ANALYZER_NONNULL = YES;
				CLANG_ANALYZER_NUMBER_OBJECT_CONVERSION = YES_AGGRESSIVE;
				CLANG_CXX_LANGUAGE_STANDARD = "gnu++20";
				CLANG_ENABLE_MODULES = YES;
				CLANG_ENABLE_OBJC_ARC = YES;
				CLANG_ENABLE_OBJC_WEAK = YES;
				CLANG_WARN_BLOCK_CAPTURE_AUTORELEASING = YES;
				CLANG_WARN_BOOL_CONVERSION = YES;
				CLANG_WARN_COMMA = YES;
				CLANG_WARN_CONSTANT_CONVERSION = YES;
				CLANG_WARN_DEPRECATED_OBJC_IMPLEMENTATIONS = YES;
				CLANG_WARN_DIRECT_OBJC_ISA_USAGE = YES_ERROR;
				CLANG_WARN_DOCUMENTATION_COMMENTS = YES;
				CLANG_WARN_EMPTY_BODY = YES;
				CLANG_WARN_ENUM_CONVERSION = YES;
				CLANG_WARN_INFINITE_RECURSION = YES;
				CLANG_WARN_INT_CONVERSION = YES;
				CLANG_WARN_NON_LITERAL_NULL_CONVERSION = YES;
				CLANG_WARN_OBJC_IMPLICIT_RETAIN_SELF = YES;
				CLANG_WARN_OBJC_LITERAL_CONVERSION = YES;
				CLANG_WARN_OBJC_ROOT_CLASS = YES_ERROR;
				CLANG_WARN_QUOTED_INCLUDE_IN_FRAMEWORK_HEADER = YES;
				CLANG_WARN_RANGE_LOOP_ANALYSIS = YES;
				CLANG_WARN_STRICT_PROTOTYPES = YES;
				CLANG_WARN_SUSPICIOUS_MOVE = YES;
				CLANG_WARN_UNGUARDED_AVAILABILITY = YES_AGGRESSIVE;
				CLANG_WARN_UNREACHABLE_CODE = YES;
				CLANG_WARN__DUPLICATE_METHOD_MATCH = YES;
				COPY_PHASE_STRIP = NO;
				DEBUG_INFORMATION_FORMAT = dwarf;
				ENABLE_STRICT_OBJC_MSGSEND = YES;
				ENABLE_TESTABILITY = YES;
				ENABLE_USER_SCRIPT_SANDBOXING = YES;
				GCC_C_LANGUAGE_STANDARD = gnu17;
				GCC_DYNAMIC_NO_PIC = NO;
				GCC_NO_COMMON_BLOCKS = YES;
				GCC_OPTIMIZATION_LEVEL = 0;
				GCC_PREPROCESSOR_DEFINITIONS = (
					"DEBUG=1",
					"$(inherited)",
				);
				GCC_WARN_64_TO_32_BIT_CONVERSION = YES;
				GCC_WARN_ABOUT_RETURN_TYPE = YES_ERROR;
				GCC_WARN_UNDECLARED_SELECTOR = YES;
				GCC_WARN_UNINITIALIZED_AUTOS = YES_AGGRESSIVE;
				GCC_WARN_UNUSED_FUNCTION = YES;
				GCC_WARN_UNUSED_VARIABLE = YES;
				IPHONEOS_DEPLOYMENT_TARGET = 18.2;
				LOCALIZATION_PREFERS_STRING_CATALOGS = YES;
				MTL_ENABLE_DEBUG_INFO = INCLUDE_SOURCE;
				MTL_FAST_MATH = YES;
				ONLY_ACTIVE_ARCH = YES;
				SDKROOT = iphoneos;
				SWIFT_ACTIVE_COMPILATION_CONDITIONS = "DEBUG $(inherited)";
				SWIFT_OPTIMIZATION_LEVEL = "-Onone";
			};
			name = Debug;
		};
		9D03E23E2E3EA58D007B955A /* Release */ = {
			isa = XCBuildConfiguration;
			buildSettings = {
				ALWAYS_SEARCH_USER_PATHS = NO;
				ASSETCATALOG_COMPILER_GENERATE_SWIFT_ASSET_SYMBOL_EXTENSIONS = YES;
				CLANG_ANALYZER_NONNULL = YES;
				CLANG_ANALYZER_NUMBER_OBJECT_CONVERSION = YES_AGGRESSIVE;
				CLANG_CXX_LANGUAGE_STANDARD = "gnu++20";
				CLANG_ENABLE_MODULES = YES;
				CLANG_ENABLE_OBJC_ARC = YES;
				CLANG_ENABLE_OBJC_WEAK = YES;
				CLANG_WARN_BLOCK_CAPTURE_AUTORELEASING = YES;
				CLANG_WARN_BOOL_CONVERSION = YES;
				CLANG_WARN_COMMA = YES;
				CLANG_WARN_CONSTANT_CONVERSION = YES;
				CLANG_WARN_DEPRECATED_OBJC_IMPLEMENTATIONS = YES;
				CLANG_WARN_DIRECT_OBJC_ISA_USAGE = YES_ERROR;
				CLANG_WARN_DOCUMENTATION_COMMENTS = YES;
				CLANG_WARN_EMPTY_BODY = YES;
				CLANG_WARN_ENUM_CONVERSION = YES;
				CLANG_WARN_INFINITE_RECURSION = YES;
				CLANG_WARN_INT_CONVERSION = YES;
				CLANG_WARN_NON_LITERAL_NULL_CONVERSION = YES;
				CLANG_WARN_OBJC_IMPLICIT_RETAIN_SELF = YES;
				CLANG_WARN_OBJC_LITERAL_CONVERSION = YES;
				CLANG_WARN_OBJC_ROOT_CLASS = YES_ERROR;
				CLANG_WARN_QUOTED_INCLUDE_IN_FRAMEWORK_HEADER = YES;
				CLANG_WARN_RANGE_LOOP_ANALYSIS = YES;
				CLANG_WARN_STRICT_PROTOTYPES = YES;
				CLANG_WARN_SUSPICIOUS_MOVE = YES;
				CLANG_WARN_UNGUARDED_AVAILABILITY = YES_AGGRESSIVE;
				CLANG_WARN_UNREACHABLE_CODE = YES;
				CLANG_WARN__DUPLICATE_METHOD_MATCH = YES;
				COPY_PHASE_STRIP = NO;
				DEBUG_INFORMATION_FORMAT = "dwarf-with-dsym";
				ENABLE_NS_ASSERTIONS = NO;
				ENABLE_STRICT_OBJC_MSGSEND = YES;
				ENABLE_USER_SCRIPT_SANDBOXING = YES;
				GCC_C_LANGUAGE_STANDARD = gnu17;
				GCC_NO_COMMON_BLOCKS = YES;
				GCC_WARN_64_TO_32_BIT_CONVERSION = YES;
				GCC_WARN_ABOUT_RETURN_TYPE = YES_ERROR;
				GCC_WARN_UNDECLARED_SELECTOR = YES;
				GCC_WARN_UNINITIALIZED_AUTOS = YES_AGGRESSIVE;
				GCC_WARN_UNUSED_FUNCTION = YES;
				GCC_WARN_UNUSED_VARIABLE = YES;
				IPHONEOS_DEPLOYMENT_TARGET = 18.2;
				LOCALIZATION_PREFERS_STRING_CATALOGS = YES;
				MTL_ENABLE_DEBUG_INFO = NO;
				MTL_FAST_MATH = YES;
				SDKROOT = iphoneos;
				SWIFT_COMPILATION_MODE = wholemodule;
				VALIDATE_PRODUCT = YES;
			};
			name = Release;
		};
		9D03E2402E3EA58D007B955A /* Debug */ = {
			isa = XCBuildConfiguration;
			buildSettings = {
				ASSETCATALOG_COMPILER_APPICON_NAME = AppIcon;
				ASSETCATALOG_COMPILER_GLOBAL_ACCENT_COLOR_NAME = AccentColor;
				CODE_SIGN_STYLE = Automatic;
				CURRENT_PROJECT_VERSION = 1;
				DEVELOPMENT_ASSET_PATHS = "\"TTSNewsReader/Preview Content\"";
				ENABLE_PREVIEWS = YES;
				GENERATE_INFOPLIST_FILE = YES;
				INFOPLIST_KEY_UIApplicationSceneManifest_Generation = YES;
				INFOPLIST_KEY_UIApplicationSupportsIndirectInputEvents = YES;
				INFOPLIST_KEY_UILaunchScreen_Generation = YES;
				INFOPLIST_KEY_UISupportedInterfaceOrientations_iPad = "UIInterfaceOrientationPortrait UIInterfaceOrientationPortraitUpsideDown UIInterfaceOrientationLandscapeLeft UIInterfaceOrientationLandscapeRight";
				INFOPLIST_KEY_UISupportedInterfaceOrientations_iPhone = "UIInterfaceOrientationPortrait UIInterfaceOrientationLandscapeLeft UIInterfaceOrientationLandscapeRight";
				LD_RUNPATH_SEARCH_PATHS = (
					"$(inherited)",
					"@executable_path/Frameworks",
				);
				MARKETING_VERSION = 1.0;
				PRODUCT_BUNDLE_IDENTIFIER = AGI.com.TTSNewsReader;
				PRODUCT_NAME = "$(TARGET_NAME)";
				SWIFT_EMIT_LOC_STRINGS = YES;
				SWIFT_VERSION = 5.0;
				TARGETED_DEVICE_FAMILY = "1,2";
			};
			name = Debug;
		};
		9D03E2412E3EA58D007B955A /* Release */ = {
			isa = XCBuildConfiguration;
			buildSettings = {
				ASSETCATALOG_COMPILER_APPICON_NAME = AppIcon;
				ASSETCATALOG_COMPILER_GLOBAL_ACCENT_COLOR_NAME = AccentColor;
				CODE_SIGN_STYLE = Automatic;
				CURRENT_PROJECT_VERSION = 1;
				DEVELOPMENT_ASSET_PATHS = "\"TTSNewsReader/Preview Content\"";
				ENABLE_PREVIEWS = YES;
				GENERATE_INFOPLIST_FILE = YES;
				INFOPLIST_KEY_UIApplicationSceneManifest_Generation = YES;
				INFOPLIST_KEY_UIApplicationSupportsIndirectInputEvents = YES;
				INFOPLIST_KEY_UILaunchScreen_Generation = YES;
				INFOPLIST_KEY_UISupportedInterfaceOrientations_iPad = "UIInterfaceOrientationPortrait UIInterfaceOrientationPortraitUpsideDown UIInterfaceOrientationLandscapeLeft UIInterfaceOrientationLandscapeRight";
				INFOPLIST_KEY_UISupportedInterfaceOrientations_iPhone = "UIInterfaceOrientationPortrait UIInterfaceOrientationLandscapeLeft UIInterfaceOrientationLandscapeRight";
				LD_RUNPATH_SEARCH_PATHS = (
					"$(inherited)",
					"@executable_path/Frameworks",
				);
				MARKETING_VERSION = 1.0;
				PRODUCT_BUNDLE_IDENTIFIER = AGI.com.TTSNewsReader;
				PRODUCT_NAME = "$(TARGET_NAME)";
				SWIFT_EMIT_LOC_STRINGS = YES;
				SWIFT_VERSION = 5.0;
				TARGETED_DEVICE_FAMILY = "1,2";
			};
			name = Release;
		};
		9D03E2432E3EA58D007B955A /* Debug */ = {
			isa = XCBuildConfiguration;
			buildSettings = {
				BUNDLE_LOADER = "$(TEST_HOST)";
				CODE_SIGN_STYLE = Automatic;
				CURRENT_PROJECT_VERSION = 1;
				GENERATE_INFOPLIST_FILE = YES;
				IPHONEOS_DEPLOYMENT_TARGET = 18.2;
				MARKETING_VERSION = 1.0;
				PRODUCT_BUNDLE_IDENTIFIER = AGI.com.TTSNewsReaderTests;
				PRODUCT_NAME = "$(TARGET_NAME)";
				SWIFT_EMIT_LOC_STRINGS = NO;
				SWIFT_VERSION = 5.0;
				TARGETED_DEVICE_FAMILY = "1,2";
				TEST_HOST = "$(BUILT_PRODUCTS_DIR)/TTSNewsReader.app/$(BUNDLE_EXECUTABLE_FOLDER_PATH)/TTSNewsReader";
			};
			name = Debug;
		};
		9D03E2442E3EA58D007B955A /* Release */ = {
			isa = XCBuildConfiguration;
			buildSettings = {
				BUNDLE_LOADER = "$(TEST_HOST)";
				CODE_SIGN_STYLE = Automatic;
				CURRENT_PROJECT_VERSION = 1;
				GENERATE_INFOPLIST_FILE = YES;
				IPHONEOS_DEPLOYMENT_TARGET = 18.2;
				MARKETING_VERSION = 1.0;
				PRODUCT_BUNDLE_IDENTIFIER = AGI.com.TTSNewsReaderTests;
				PRODUCT_NAME = "$(TARGET_NAME)";
				SWIFT_EMIT_LOC_STRINGS = NO;
				SWIFT_VERSION = 5.0;
				TARGETED_DEVICE_FAMILY = "1,2";
				TEST_HOST = "$(BUILT_PRODUCTS_DIR)/TTSNewsReader.app/$(BUNDLE_EXECUTABLE_FOLDER_PATH)/TTSNewsReader";
			};
			name = Release;
		};
		9D03E2462E3EA58D007B955A /* Debug */ = {
			isa = XCBuildConfiguration;
			buildSettings = {
				CODE_SIGN_STYLE = Automatic;
				CURRENT_PROJECT_VERSION = 1;
				GENERATE_INFOPLIST_FILE = YES;
				MARKETING_VERSION = 1.0;
				PRODUCT_BUNDLE_IDENTIFIER = AGI.com.TTSNewsReaderUITests;
				PRODUCT_NAME = "$(TARGET_NAME)";
				SWIFT_EMIT_LOC_STRINGS = NO;
				SWIFT_VERSION = 5.0;
				TARGETED_DEVICE_FAMILY = "1,2";
				TEST_TARGET_NAME = TTSNewsReader;
			};
			name = Debug;
		};
		9D03E2472E3EA58D007B955A /* Release */ = {
			isa = XCBuildConfiguration;
			buildSettings = {
				CODE_SIGN_STYLE = Automatic;
				CURRENT_PROJECT_VERSION = 1;
				GENERATE_INFOPLIST_FILE = YES;
				MARKETING_VERSION = 1.0;
				PRODUCT_BUNDLE_IDENTIFIER = AGI.com.TTSNewsReaderUITests;
				PRODUCT_NAME = "$(TARGET_NAME)";
				SWIFT_EMIT_LOC_STRINGS = NO;
				SWIFT_VERSION = 5.0;
				TARGETED_DEVICE_FAMILY = "1,2";
				TEST_TARGET_NAME = TTSNewsReader;
			};
			name = Release;
		};
/* End XCBuildConfiguration section */

/* Begin XCConfigurationList section */
		9D03E2162E3EA58B007B955A /* Build configuration list for PBXProject "TTSNewsReader" */ = {
			isa = XCConfigurationList;
			buildConfigurations = (
				9D03E23D2E3EA58D007B955A /* Debug */,
				9D03E23E2E3EA58D007B955A /* Release */,
			);
			defaultConfigurationIsVisible = 0;
			defaultConfigurationName = Release;
		};
		9D03E23F2E3EA58D007B955A /* Build configuration list for PBXNativeTarget "TTSNewsReader" */ = {
			isa = XCConfigurationList;
			buildConfigurations = (
				9D03E2402E3EA58D007B955A /* Debug */,
				9D03E2412E3EA58D007B955A /* Release */,
			);
			defaultConfigurationIsVisible = 0;
			defaultConfigurationName = Release;
		};
		9D03E2422E3EA58D007B955A /* Build configuration list for PBXNativeTarget "TTSNewsReaderTests" */ = {
			isa = XCConfigurationList;
			buildConfigurations = (
				9D03E2432E3EA58D007B955A /* Debug */,
				9D03E2442E3EA58D007B955A /* Release */,
			);
			defaultConfigurationIsVisible = 0;
			defaultConfigurationName = Release;
		};
		9D03E2452E3EA58D007B955A /* Build configuration list for PBXNativeTarget "TTSNewsReaderUITests" */ = {
			isa = XCConfigurationList;
			buildConfigurations = (
				9D03E2462E3EA58D007B955A /* Debug */,
				9D03E2472E3EA58D007B955A /* Release */,
			);
			defaultConfigurationIsVisible = 0;
			defaultConfigurationName = Release;
		};
/* End XCConfigurationList section */
	};
	rootObject = 9D03E2132E3EA58B007B955A /* Project object */;
}
